
Microsoft Visual Studio Solution File, Format Version 12.00
# Visual Studio Version 17
VisualStudioVersion = 17.0.31903.59
MinimumVisualStudioVersion = 10.0.40219.1
Project("{FAE04EC0-301F-11D3-BF4B-00C04F79EFBC}") = "BikeRental.Domain", "BikeRental.Domain\BikeRental.Domain.csproj", "{8DB5F244-E599-4512-B6D8-B7977F677112}"
EndProject
Project("{FAE04EC0-301F-11D3-BF4B-00C04F79EFBC}") = "BikeRental.Application.Contracts", "BikeRental.Application.Contracts\BikeRental.Application.Contracts.csproj", "{57D26D5F-D22A-44A9-A0F5-2567D380011C}"
EndProject
Project("{FAE04EC0-301F-11D3-BF4B-00C04F79EFBC}") = "BikeRental.Application", "BikeRental.Application\BikeRental.Application.csproj", "{EF8ACE85-94C1-4599-A500-8E78E6C42B2B}"
EndProject
Project("{FAE04EC0-301F-11D3-BF4B-00C04F79EFBC}") = "BikeRental.Infrastructure.EfCore", "BikeRental.Infrastructure.EfCore\BikeRental.Infrastructure.EfCore.csproj", "{BBF3044F-785C-42BA-B2EB-DEFB56CC52DE}"
EndProject
Project("{FAE04EC0-301F-11D3-BF4B-00C04F79EFBC}") = "BikeRental.ServiceDefaults", "BikeRental.ServiceDefaults\BikeRental.ServiceDefaults.csproj", "{C922ABDC-31F5-4820-9FAF-8E4B02B47929}"
EndProject
Project("{FAE04EC0-301F-11D3-BF4B-00C04F79EFBC}") = "BikeRental.Domain.Tests", "BikeRental.Domain.Tests\BikeRental.Domain.Tests.csproj", "{7F19B15E-9E54-4B1C-A3EB-97C673F41A6C}"
EndProject
Project("{FAE04EC0-301F-11D3-BF4B-00C04F79EFBC}") = "BikeRental.AppHost", "BikeRental.AppHost\BikeRental.AppHost.csproj", "{E4D7FE08-EB45-4883-8214-15A1CFB9747C}"
EndProject
Project("{FAE04EC0-301F-11D3-BF4B-00C04F79EFBC}") = "BikeRental.Api", "BikeRental.Api\BikeRental.Api.csproj", "{C012FDEB-9240-42D1-A63E-2B5AFD90D578}"
EndProject
Project("{FAE04EC0-301F-11D3-BF4B-00C04F79EFBC}") = "BikeRental.Generator.Nats.Host", "BikeRental.Generator.Nats.Host\BikeRental.Generator.Nats.Host.csproj", "{05374D81-A8D9-4FDF-B5CD-F579C5101A24}"
EndProject
Project("{FAE04EC0-301F-11D3-BF4B-00C04F79EFBC}") = "BikeRental.Infrastructure.Nats", "BikeRental.Infrastructure.Nats\BikeRental.Infrastructure.Nats.csproj", "{0D3E696B-CC71-442E-AC6D-908E9DC8CF9F}"
EndProject
Global
	GlobalSection(SolutionConfigurationPlatforms) = preSolution
		Debug|Any CPU = Debug|Any CPU
		Debug|x64 = Debug|x64
		Debug|x86 = Debug|x86
		Release|Any CPU = Release|Any CPU
		Release|x64 = Release|x64
		Release|x86 = Release|x86
	EndGlobalSection
	GlobalSection(ProjectConfigurationPlatforms) = postSolution
		{8DB5F244-E599-4512-B6D8-B7977F677112}.Debug|Any CPU.ActiveCfg = Debug|Any CPU
		{8DB5F244-E599-4512-B6D8-B7977F677112}.Debug|Any CPU.Build.0 = Debug|Any CPU
		{8DB5F244-E599-4512-B6D8-B7977F677112}.Debug|x64.ActiveCfg = Debug|Any CPU
		{8DB5F244-E599-4512-B6D8-B7977F677112}.Debug|x64.Build.0 = Debug|Any CPU
		{8DB5F244-E599-4512-B6D8-B7977F677112}.Debug|x86.ActiveCfg = Debug|Any CPU
		{8DB5F244-E599-4512-B6D8-B7977F677112}.Debug|x86.Build.0 = Debug|Any CPU
		{8DB5F244-E599-4512-B6D8-B7977F677112}.Release|Any CPU.ActiveCfg = Release|Any CPU
		{8DB5F244-E599-4512-B6D8-B7977F677112}.Release|Any CPU.Build.0 = Release|Any CPU
		{8DB5F244-E599-4512-B6D8-B7977F677112}.Release|x64.ActiveCfg = Release|Any CPU
		{8DB5F244-E599-4512-B6D8-B7977F677112}.Release|x64.Build.0 = Release|Any CPU
		{8DB5F244-E599-4512-B6D8-B7977F677112}.Release|x86.ActiveCfg = Release|Any CPU
		{8DB5F244-E599-4512-B6D8-B7977F677112}.Release|x86.Build.0 = Release|Any CPU
		{57D26D5F-D22A-44A9-A0F5-2567D380011C}.Debug|Any CPU.ActiveCfg = Debug|Any CPU
		{57D26D5F-D22A-44A9-A0F5-2567D380011C}.Debug|Any CPU.Build.0 = Debug|Any CPU
		{57D26D5F-D22A-44A9-A0F5-2567D380011C}.Debug|x64.ActiveCfg = Debug|Any CPU
		{57D26D5F-D22A-44A9-A0F5-2567D380011C}.Debug|x64.Build.0 = Debug|Any CPU
		{57D26D5F-D22A-44A9-A0F5-2567D380011C}.Debug|x86.ActiveCfg = Debug|Any CPU
		{57D26D5F-D22A-44A9-A0F5-2567D380011C}.Debug|x86.Build.0 = Debug|Any CPU
		{57D26D5F-D22A-44A9-A0F5-2567D380011C}.Release|Any CPU.ActiveCfg = Release|Any CPU
		{57D26D5F-D22A-44A9-A0F5-2567D380011C}.Release|Any CPU.Build.0 = Release|Any CPU
		{57D26D5F-D22A-44A9-A0F5-2567D380011C}.Release|x64.ActiveCfg = Release|Any CPU
		{57D26D5F-D22A-44A9-A0F5-2567D380011C}.Release|x64.Build.0 = Release|Any CPU
		{57D26D5F-D22A-44A9-A0F5-2567D380011C}.Release|x86.ActiveCfg = Release|Any CPU
		{57D26D5F-D22A-44A9-A0F5-2567D380011C}.Release|x86.Build.0 = Release|Any CPU
		{EF8ACE85-94C1-4599-A500-8E78E6C42B2B}.Debug|Any CPU.ActiveCfg = Debug|Any CPU
		{EF8ACE85-94C1-4599-A500-8E78E6C42B2B}.Debug|Any CPU.Build.0 = Debug|Any CPU
		{EF8ACE85-94C1-4599-A500-8E78E6C42B2B}.Debug|x64.ActiveCfg = Debug|Any CPU
		{EF8ACE85-94C1-4599-A500-8E78E6C42B2B}.Debug|x64.Build.0 = Debug|Any CPU
		{EF8ACE85-94C1-4599-A500-8E78E6C42B2B}.Debug|x86.ActiveCfg = Debug|Any CPU
		{EF8ACE85-94C1-4599-A500-8E78E6C42B2B}.Debug|x86.Build.0 = Debug|Any CPU
		{EF8ACE85-94C1-4599-A500-8E78E6C42B2B}.Release|Any CPU.ActiveCfg = Release|Any CPU
		{EF8ACE85-94C1-4599-A500-8E78E6C42B2B}.Release|Any CPU.Build.0 = Release|Any CPU
		{EF8ACE85-94C1-4599-A500-8E78E6C42B2B}.Release|x64.ActiveCfg = Release|Any CPU
		{EF8ACE85-94C1-4599-A500-8E78E6C42B2B}.Release|x64.Build.0 = Release|Any CPU
		{EF8ACE85-94C1-4599-A500-8E78E6C42B2B}.Release|x86.ActiveCfg = Release|Any CPU
		{EF8ACE85-94C1-4599-A500-8E78E6C42B2B}.Release|x86.Build.0 = Release|Any CPU
		{BBF3044F-785C-42BA-B2EB-DEFB56CC52DE}.Debug|Any CPU.ActiveCfg = Debug|Any CPU
		{BBF3044F-785C-42BA-B2EB-DEFB56CC52DE}.Debug|Any CPU.Build.0 = Debug|Any CPU
		{BBF3044F-785C-42BA-B2EB-DEFB56CC52DE}.Debug|x64.ActiveCfg = Debug|Any CPU
		{BBF3044F-785C-42BA-B2EB-DEFB56CC52DE}.Debug|x64.Build.0 = Debug|Any CPU
		{BBF3044F-785C-42BA-B2EB-DEFB56CC52DE}.Debug|x86.ActiveCfg = Debug|Any CPU
		{BBF3044F-785C-42BA-B2EB-DEFB56CC52DE}.Debug|x86.Build.0 = Debug|Any CPU
		{BBF3044F-785C-42BA-B2EB-DEFB56CC52DE}.Release|Any CPU.ActiveCfg = Release|Any CPU
		{BBF3044F-785C-42BA-B2EB-DEFB56CC52DE}.Release|Any CPU.Build.0 = Release|Any CPU
		{BBF3044F-785C-42BA-B2EB-DEFB56CC52DE}.Release|x64.ActiveCfg = Release|Any CPU
		{BBF3044F-785C-42BA-B2EB-DEFB56CC52DE}.Release|x64.Build.0 = Release|Any CPU
		{BBF3044F-785C-42BA-B2EB-DEFB56CC52DE}.Release|x86.ActiveCfg = Release|Any CPU
		{BBF3044F-785C-42BA-B2EB-DEFB56CC52DE}.Release|x86.Build.0 = Release|Any CPU
		{C922ABDC-31F5-4820-9FAF-8E4B02B47929}.Debug|Any CPU.ActiveCfg = Debug|Any CPU
		{C922ABDC-31F5-4820-9FAF-8E4B02B47929}.Debug|Any CPU.Build.0 = Debug|Any CPU
		{C922ABDC-31F5-4820-9FAF-8E4B02B47929}.Debug|x64.ActiveCfg = Debug|Any CPU
		{C922ABDC-31F5-4820-9FAF-8E4B02B47929}.Debug|x64.Build.0 = Debug|Any CPU
		{C922ABDC-31F5-4820-9FAF-8E4B02B47929}.Debug|x86.ActiveCfg = Debug|Any CPU
		{C922ABDC-31F5-4820-9FAF-8E4B02B47929}.Debug|x86.Build.0 = Debug|Any CPU
		{C922ABDC-31F5-4820-9FAF-8E4B02B47929}.Release|Any CPU.ActiveCfg = Release|Any CPU
		{C922ABDC-31F5-4820-9FAF-8E4B02B47929}.Release|Any CPU.Build.0 = Release|Any CPU
		{C922ABDC-31F5-4820-9FAF-8E4B02B47929}.Release|x64.ActiveCfg = Release|Any CPU
		{C922ABDC-31F5-4820-9FAF-8E4B02B47929}.Release|x64.Build.0 = Release|Any CPU
		{C922ABDC-31F5-4820-9FAF-8E4B02B47929}.Release|x86.ActiveCfg = Release|Any CPU
		{C922ABDC-31F5-4820-9FAF-8E4B02B47929}.Release|x86.Build.0 = Release|Any CPU
		{7F19B15E-9E54-4B1C-A3EB-97C673F41A6C}.Debug|Any CPU.ActiveCfg = Debug|Any CPU
		{7F19B15E-9E54-4B1C-A3EB-97C673F41A6C}.Debug|Any CPU.Build.0 = Debug|Any CPU
		{7F19B15E-9E54-4B1C-A3EB-97C673F41A6C}.Debug|x64.ActiveCfg = Debug|Any CPU
		{7F19B15E-9E54-4B1C-A3EB-97C673F41A6C}.Debug|x64.Build.0 = Debug|Any CPU
		{7F19B15E-9E54-4B1C-A3EB-97C673F41A6C}.Debug|x86.ActiveCfg = Debug|Any CPU
		{7F19B15E-9E54-4B1C-A3EB-97C673F41A6C}.Debug|x86.Build.0 = Debug|Any CPU
		{7F19B15E-9E54-4B1C-A3EB-97C673F41A6C}.Release|Any CPU.ActiveCfg = Release|Any CPU
		{7F19B15E-9E54-4B1C-A3EB-97C673F41A6C}.Release|Any CPU.Build.0 = Release|Any CPU
		{7F19B15E-9E54-4B1C-A3EB-97C673F41A6C}.Release|x64.ActiveCfg = Release|Any CPU
		{7F19B15E-9E54-4B1C-A3EB-97C673F41A6C}.Release|x64.Build.0 = Release|Any CPU
		{7F19B15E-9E54-4B1C-A3EB-97C673F41A6C}.Release|x86.ActiveCfg = Release|Any CPU
		{7F19B15E-9E54-4B1C-A3EB-97C673F41A6C}.Release|x86.Build.0 = Release|Any CPU
		{E4D7FE08-EB45-4883-8214-15A1CFB9747C}.Debug|Any CPU.ActiveCfg = Debug|Any CPU
		{E4D7FE08-EB45-4883-8214-15A1CFB9747C}.Debug|Any CPU.Build.0 = Debug|Any CPU
		{E4D7FE08-EB45-4883-8214-15A1CFB9747C}.Debug|x64.ActiveCfg = Debug|Any CPU
		{E4D7FE08-EB45-4883-8214-15A1CFB9747C}.Debug|x64.Build.0 = Debug|Any CPU
		{E4D7FE08-EB45-4883-8214-15A1CFB9747C}.Debug|x86.ActiveCfg = Debug|Any CPU
		{E4D7FE08-EB45-4883-8214-15A1CFB9747C}.Debug|x86.Build.0 = Debug|Any CPU
		{E4D7FE08-EB45-4883-8214-15A1CFB9747C}.Release|Any CPU.ActiveCfg = Release|Any CPU
		{E4D7FE08-EB45-4883-8214-15A1CFB9747C}.Release|Any CPU.Build.0 = Release|Any CPU
		{E4D7FE08-EB45-4883-8214-15A1CFB9747C}.Release|x64.ActiveCfg = Release|Any CPU
		{E4D7FE08-EB45-4883-8214-15A1CFB9747C}.Release|x64.Build.0 = Release|Any CPU
		{E4D7FE08-EB45-4883-8214-15A1CFB9747C}.Release|x86.ActiveCfg = Release|Any CPU
		{E4D7FE08-EB45-4883-8214-15A1CFB9747C}.Release|x86.Build.0 = Release|Any CPU
		{C012FDEB-9240-42D1-A63E-2B5AFD90D578}.Debug|Any CPU.ActiveCfg = Debug|Any CPU
		{C012FDEB-9240-42D1-A63E-2B5AFD90D578}.Debug|Any CPU.Build.0 = Debug|Any CPU
		{C012FDEB-9240-42D1-A63E-2B5AFD90D578}.Debug|x64.ActiveCfg = Debug|Any CPU
		{C012FDEB-9240-42D1-A63E-2B5AFD90D578}.Debug|x64.Build.0 = Debug|Any CPU
		{C012FDEB-9240-42D1-A63E-2B5AFD90D578}.Debug|x86.ActiveCfg = Debug|Any CPU
		{C012FDEB-9240-42D1-A63E-2B5AFD90D578}.Debug|x86.Build.0 = Debug|Any CPU
		{C012FDEB-9240-42D1-A63E-2B5AFD90D578}.Release|Any CPU.ActiveCfg = Release|Any CPU
		{C012FDEB-9240-42D1-A63E-2B5AFD90D578}.Release|Any CPU.Build.0 = Release|Any CPU
		{C012FDEB-9240-42D1-A63E-2B5AFD90D578}.Release|x64.ActiveCfg = Release|Any CPU
		{C012FDEB-9240-42D1-A63E-2B5AFD90D578}.Release|x64.Build.0 = Release|Any CPU
		{C012FDEB-9240-42D1-A63E-2B5AFD90D578}.Release|x86.ActiveCfg = Release|Any CPU
		{C012FDEB-9240-42D1-A63E-2B5AFD90D578}.Release|x86.Build.0 = Release|Any CPU
		{05374D81-A8D9-4FDF-B5CD-F579C5101A24}.Debug|Any CPU.ActiveCfg = Debug|Any CPU
		{05374D81-A8D9-4FDF-B5CD-F579C5101A24}.Debug|Any CPU.Build.0 = Debug|Any CPU
		{05374D81-A8D9-4FDF-B5CD-F579C5101A24}.Debug|x64.ActiveCfg = Debug|Any CPU
		{05374D81-A8D9-4FDF-B5CD-F579C5101A24}.Debug|x64.Build.0 = Debug|Any CPU
		{05374D81-A8D9-4FDF-B5CD-F579C5101A24}.Debug|x86.ActiveCfg = Debug|Any CPU
		{05374D81-A8D9-4FDF-B5CD-F579C5101A24}.Debug|x86.Build.0 = Debug|Any CPU
		{05374D81-A8D9-4FDF-B5CD-F579C5101A24}.Release|Any CPU.ActiveCfg = Release|Any CPU
		{05374D81-A8D9-4FDF-B5CD-F579C5101A24}.Release|Any CPU.Build.0 = Release|Any CPU
		{05374D81-A8D9-4FDF-B5CD-F579C5101A24}.Release|x64.ActiveCfg = Release|Any CPU
		{05374D81-A8D9-4FDF-B5CD-F579C5101A24}.Release|x64.Build.0 = Release|Any CPU
		{05374D81-A8D9-4FDF-B5CD-F579C5101A24}.Release|x86.ActiveCfg = Release|Any CPU
		{05374D81-A8D9-4FDF-B5CD-F579C5101A24}.Release|x86.Build.0 = Release|Any CPU
		{0D3E696B-CC71-442E-AC6D-908E9DC8CF9F}.Debug|Any CPU.ActiveCfg = Debug|Any CPU
		{0D3E696B-CC71-442E-AC6D-908E9DC8CF9F}.Debug|Any CPU.Build.0 = Debug|Any CPU
		{0D3E696B-CC71-442E-AC6D-908E9DC8CF9F}.Debug|x64.ActiveCfg = Debug|Any CPU
		{0D3E696B-CC71-442E-AC6D-908E9DC8CF9F}.Debug|x64.Build.0 = Debug|Any CPU
		{0D3E696B-CC71-442E-AC6D-908E9DC8CF9F}.Debug|x86.ActiveCfg = Debug|Any CPU
		{0D3E696B-CC71-442E-AC6D-908E9DC8CF9F}.Debug|x86.Build.0 = Debug|Any CPU
		{0D3E696B-CC71-442E-AC6D-908E9DC8CF9F}.Release|Any CPU.ActiveCfg = Release|Any CPU
		{0D3E696B-CC71-442E-AC6D-908E9DC8CF9F}.Release|Any CPU.Build.0 = Release|Any CPU
		{0D3E696B-CC71-442E-AC6D-908E9DC8CF9F}.Release|x64.ActiveCfg = Release|Any CPU
		{0D3E696B-CC71-442E-AC6D-908E9DC8CF9F}.Release|x64.Build.0 = Release|Any CPU
		{0D3E696B-CC71-442E-AC6D-908E9DC8CF9F}.Release|x86.ActiveCfg = Release|Any CPU
		{0D3E696B-CC71-442E-AC6D-908E9DC8CF9F}.Release|x86.Build.0 = Release|Any CPU
	EndGlobalSection
	GlobalSection(SolutionProperties) = preSolution
		HideSolutionNode = FALSE
	EndGlobalSection
EndGlobal
