
Microsoft Visual Studio Solution File, Format Version 12.00
# Visual Studio Version 17
VisualStudioVersion = 17.0.31903.59
MinimumVisualStudioVersion = 10.0.40219.1
Project("{FAE04EC0-301F-11D3-BF4B-00C04F79EFBC}") = "BikeRental.Domain", "BikeRental.Domain\BikeRental.Domain.csproj", "{7DDB51D2-AAA1-4E03-BAE6-2A3698536178}"
EndProject
Project("{FAE04EC0-301F-11D3-BF4B-00C04F79EFBC}") = "BikeRental.Domain.Tests", "BikeRental.Domain.Tests\BikeRental.Domain.Tests.csproj", "{214EE141-A85A-410E-9D17-4620CB59DA0C}"
EndProject
Project("{FAE04EC0-301F-11D3-BF4B-00C04F79EFBC}") = "BikeRental.Infrastructure.EfCore", "BikeRental.Infrastructure.EfCore\BikeRental.Infrastructure.EfCore.csproj", "{8458C688-478F-4E4C-A211-17C9F7257FF2}"
EndProject
Global
	GlobalSection(SolutionConfigurationPlatforms) = preSolution
		Debug|Any CPU = Debug|Any CPU
		Debug|x64 = Debug|x64
		Debug|x86 = Debug|x86
		Release|Any CPU = Release|Any CPU
		Release|x64 = Release|x64
		Release|x86 = Release|x86
	EndGlobalSection
	GlobalSection(ProjectConfigurationPlatforms) = postSolution
		{7DDB51D2-AAA1-4E03-BAE6-2A3698536178}.Debug|Any CPU.ActiveCfg = Debug|Any CPU
		{7DDB51D2-AAA1-4E03-BAE6-2A3698536178}.Debug|Any CPU.Build.0 = Debug|Any CPU
		{7DDB51D2-AAA1-4E03-BAE6-2A3698536178}.Debug|x64.ActiveCfg = Debug|Any CPU
		{7DDB51D2-AAA1-4E03-BAE6-2A3698536178}.Debug|x64.Build.0 = Debug|Any CPU
		{7DDB51D2-AAA1-4E03-BAE6-2A3698536178}.Debug|x86.ActiveCfg = Debug|Any CPU
		{7DDB51D2-AAA1-4E03-BAE6-2A3698536178}.Debug|x86.Build.0 = Debug|Any CPU
		{7DDB51D2-AAA1-4E03-BAE6-2A3698536178}.Release|Any CPU.ActiveCfg = Release|Any CPU
		{7DDB51D2-AAA1-4E03-BAE6-2A3698536178}.Release|Any CPU.Build.0 = Release|Any CPU
		{7DDB51D2-AAA1-4E03-BAE6-2A3698536178}.Release|x64.ActiveCfg = Release|Any CPU
		{7DDB51D2-AAA1-4E03-BAE6-2A3698536178}.Release|x64.Build.0 = Release|Any CPU
		{7DDB51D2-AAA1-4E03-BAE6-2A3698536178}.Release|x86.ActiveCfg = Release|Any CPU
		{7DDB51D2-AAA1-4E03-BAE6-2A3698536178}.Release|x86.Build.0 = Release|Any CPU
		{214EE141-A85A-410E-9D17-4620CB59DA0C}.Debug|Any CPU.ActiveCfg = Debug|Any CPU
		{214EE141-A85A-410E-9D17-4620CB59DA0C}.Debug|Any CPU.Build.0 = Debug|Any CPU
		{214EE141-A85A-410E-9D17-4620CB59DA0C}.Debug|x64.ActiveCfg = Debug|Any CPU
		{214EE141-A85A-410E-9D17-4620CB59DA0C}.Debug|x64.Build.0 = Debug|Any CPU
		{214EE141-A85A-410E-9D17-4620CB59DA0C}.Debug|x86.ActiveCfg = Debug|Any CPU
		{214EE141-A85A-410E-9D17-4620CB59DA0C}.Debug|x86.Build.0 = Debug|Any CPU
		{214EE141-A85A-410E-9D17-4620CB59DA0C}.Release|Any CPU.ActiveCfg = Release|Any CPU
		{214EE141-A85A-410E-9D17-4620CB59DA0C}.Release|Any CPU.Build.0 = Release|Any CPU
		{214EE141-A85A-410E-9D17-4620CB59DA0C}.Release|x64.ActiveCfg = Release|Any CPU
		{214EE141-A85A-410E-9D17-4620CB59DA0C}.Release|x64.Build.0 = Release|Any CPU
		{214EE141-A85A-410E-9D17-4620CB59DA0C}.Release|x86.ActiveCfg = Release|Any CPU
		{214EE141-A85A-410E-9D17-4620CB59DA0C}.Release|x86.Build.0 = Release|Any CPU
		{8458C688-478F-4E4C-A211-17C9F7257FF2}.Debug|Any CPU.ActiveCfg = Debug|Any CPU
		{8458C688-478F-4E4C-A211-17C9F7257FF2}.Debug|Any CPU.Build.0 = Debug|Any CPU
		{8458C688-478F-4E4C-A211-17C9F7257FF2}.Debug|x64.ActiveCfg = Debug|Any CPU
		{8458C688-478F-4E4C-A211-17C9F7257FF2}.Debug|x64.Build.0 = Debug|Any CPU
		{8458C688-478F-4E4C-A211-17C9F7257FF2}.Debug|x86.ActiveCfg = Debug|Any CPU
		{8458C688-478F-4E4C-A211-17C9F7257FF2}.Debug|x86.Build.0 = Debug|Any CPU
		{8458C688-478F-4E4C-A211-17C9F7257FF2}.Release|Any CPU.ActiveCfg = Release|Any CPU
		{8458C688-478F-4E4C-A211-17C9F7257FF2}.Release|Any CPU.Build.0 = Release|Any CPU
		{8458C688-478F-4E4C-A211-17C9F7257FF2}.Release|x64.ActiveCfg = Release|Any CPU
		{8458C688-478F-4E4C-A211-17C9F7257FF2}.Release|x64.Build.0 = Release|Any CPU
		{8458C688-478F-4E4C-A211-17C9F7257FF2}.Release|x86.ActiveCfg = Release|Any CPU
		{8458C688-478F-4E4C-A211-17C9F7257FF2}.Release|x86.Build.0 = Release|Any CPU
	EndGlobalSection
	GlobalSection(SolutionProperties) = preSolution
		HideSolutionNode = FALSE
	EndGlobalSection
EndGlobal
